// !$*UTF8*$!
{
	archiveVersion = 1;
	classes = {
	};
	objectVersion = 56;
	objects = {

/* Begin PBXBuildFile section */
		18171FCE2B63793900D282F5 /* Cuckoo in Frameworks */ = {isa = PBXBuildFile; productRef = 18171FCD2B63793900D282F5 /* Cuckoo */; };
		185F4D9C2B32937300A7433B /* WeatherModel.swift in Sources */ = {isa = PBXBuildFile; fileRef = 185F4D9B2B32937300A7433B /* WeatherModel.swift */; };
		1884E0F32B4D370D004160CE /* YumemiWeatherError+LocalizedError.swift in Sources */ = {isa = PBXBuildFile; fileRef = 1884E0F22B4D370D004160CE /* YumemiWeatherError+LocalizedError.swift */; };
		1884E0FC2B4E361A004160CE /* JSONError.swift in Sources */ = {isa = PBXBuildFile; fileRef = 1884E0FB2B4E361A004160CE /* JSONError.swift */; };
		189432A22B565FB6001F392B /* WeatherRequest.swift in Sources */ = {isa = PBXBuildFile; fileRef = 189432A12B565FB6001F392B /* WeatherRequest.swift */; };
		189432A42B565FD2001F392B /* WeatherResponse.swift in Sources */ = {isa = PBXBuildFile; fileRef = 189432A32B565FD2001F392B /* WeatherResponse.swift */; };
		189432A62B5660D5001F392B /* WeatherMapper.swift in Sources */ = {isa = PBXBuildFile; fileRef = 189432A52B5660D5001F392B /* WeatherMapper.swift */; };
		18EA2D382B58E6B000236146 /* FirstViewController.swift in Sources */ = {isa = PBXBuildFile; fileRef = 18EA2D372B58E6B000236146 /* FirstViewController.swift */; };
		18FB048A2B2C1DB300ABCF62 /* AppDelegate.swift in Sources */ = {isa = PBXBuildFile; fileRef = 18FB04892B2C1DB300ABCF62 /* AppDelegate.swift */; };
		18FB048C2B2C1DB300ABCF62 /* SceneDelegate.swift in Sources */ = {isa = PBXBuildFile; fileRef = 18FB048B2B2C1DB300ABCF62 /* SceneDelegate.swift */; };
		18FB048E2B2C1DB300ABCF62 /* WeatherViewController.swift in Sources */ = {isa = PBXBuildFile; fileRef = 18FB048D2B2C1DB300ABCF62 /* WeatherViewController.swift */; };
		18FB04912B2C1DB300ABCF62 /* WeatherScreen.storyboard in Resources */ = {isa = PBXBuildFile; fileRef = 18FB048F2B2C1DB300ABCF62 /* WeatherScreen.storyboard */; };
		18FB04932B2C1DB400ABCF62 /* Assets.xcassets in Resources */ = {isa = PBXBuildFile; fileRef = 18FB04922B2C1DB400ABCF62 /* Assets.xcassets */; };
		18FB04962B2C1DB400ABCF62 /* LaunchScreen.storyboard in Resources */ = {isa = PBXBuildFile; fileRef = 18FB04942B2C1DB400ABCF62 /* LaunchScreen.storyboard */; };
		18FB04A12B2C1DB400ABCF62 /* ios_training_komoriTests.swift in Sources */ = {isa = PBXBuildFile; fileRef = 18FB04A02B2C1DB400ABCF62 /* ios_training_komoriTests.swift */; };
		18FB04AB2B2C1DB400ABCF62 /* ios_training_komoriUITests.swift in Sources */ = {isa = PBXBuildFile; fileRef = 18FB04AA2B2C1DB400ABCF62 /* ios_training_komoriUITests.swift */; };
		18FB04AD2B2C1DB400ABCF62 /* ios_training_komoriUITestsLaunchTests.swift in Sources */ = {isa = PBXBuildFile; fileRef = 18FB04AC2B2C1DB400ABCF62 /* ios_training_komoriUITestsLaunchTests.swift */; };
		18FB04BB2B2C1EC600ABCF62 /* YumemiWeather in Frameworks */ = {isa = PBXBuildFile; productRef = 18FB04BA2B2C1EC600ABCF62 /* YumemiWeather */; };
/* End PBXBuildFile section */

/* Begin PBXContainerItemProxy section */
		18FB049D2B2C1DB400ABCF62 /* PBXContainerItemProxy */ = {
			isa = PBXContainerItemProxy;
			containerPortal = 18FB047E2B2C1DB300ABCF62 /* Project object */;
			proxyType = 1;
			remoteGlobalIDString = 18FB04852B2C1DB300ABCF62;
			remoteInfo = "ios-training-komori";
		};
		18FB04A72B2C1DB400ABCF62 /* PBXContainerItemProxy */ = {
			isa = PBXContainerItemProxy;
			containerPortal = 18FB047E2B2C1DB300ABCF62 /* Project object */;
			proxyType = 1;
			remoteGlobalIDString = 18FB04852B2C1DB300ABCF62;
			remoteInfo = "ios-training-komori";
		};
/* End PBXContainerItemProxy section */

/* Begin PBXFileReference section */
		185F4D9B2B32937300A7433B /* WeatherModel.swift */ = {isa = PBXFileReference; lastKnownFileType = sourcecode.swift; path = WeatherModel.swift; sourceTree = "<group>"; };
		1884E0F22B4D370D004160CE /* YumemiWeatherError+LocalizedError.swift */ = {isa = PBXFileReference; lastKnownFileType = sourcecode.swift; path = "YumemiWeatherError+LocalizedError.swift"; sourceTree = "<group>"; };
		1884E0FB2B4E361A004160CE /* JSONError.swift */ = {isa = PBXFileReference; lastKnownFileType = sourcecode.swift; path = JSONError.swift; sourceTree = "<group>"; };
		189432A12B565FB6001F392B /* WeatherRequest.swift */ = {isa = PBXFileReference; lastKnownFileType = sourcecode.swift; path = WeatherRequest.swift; sourceTree = "<group>"; };
		189432A32B565FD2001F392B /* WeatherResponse.swift */ = {isa = PBXFileReference; lastKnownFileType = sourcecode.swift; path = WeatherResponse.swift; sourceTree = "<group>"; };
		189432A52B5660D5001F392B /* WeatherMapper.swift */ = {isa = PBXFileReference; lastKnownFileType = sourcecode.swift; path = WeatherMapper.swift; sourceTree = "<group>"; };
		18EA2D372B58E6B000236146 /* FirstViewController.swift */ = {isa = PBXFileReference; lastKnownFileType = sourcecode.swift; path = FirstViewController.swift; sourceTree = "<group>"; };
		18FB04862B2C1DB300ABCF62 /* ios-training-komori.app */ = {isa = PBXFileReference; explicitFileType = wrapper.application; includeInIndex = 0; path = "ios-training-komori.app"; sourceTree = BUILT_PRODUCTS_DIR; };
		18FB04892B2C1DB300ABCF62 /* AppDelegate.swift */ = {isa = PBXFileReference; lastKnownFileType = sourcecode.swift; path = AppDelegate.swift; sourceTree = "<group>"; };
		18FB048B2B2C1DB300ABCF62 /* SceneDelegate.swift */ = {isa = PBXFileReference; lastKnownFileType = sourcecode.swift; path = SceneDelegate.swift; sourceTree = "<group>"; };
		18FB048D2B2C1DB300ABCF62 /* WeatherViewController.swift */ = {isa = PBXFileReference; lastKnownFileType = sourcecode.swift; path = WeatherViewController.swift; sourceTree = "<group>"; };
		18FB04902B2C1DB300ABCF62 /* Base */ = {isa = PBXFileReference; lastKnownFileType = file.storyboard; name = Base; path = Base.lproj/WeatherScreen.storyboard; sourceTree = "<group>"; };
		18FB04922B2C1DB400ABCF62 /* Assets.xcassets */ = {isa = PBXFileReference; lastKnownFileType = folder.assetcatalog; path = Assets.xcassets; sourceTree = "<group>"; };
		18FB04952B2C1DB400ABCF62 /* Base */ = {isa = PBXFileReference; lastKnownFileType = file.storyboard; name = Base; path = Base.lproj/LaunchScreen.storyboard; sourceTree = "<group>"; };
		18FB04972B2C1DB400ABCF62 /* Info.plist */ = {isa = PBXFileReference; lastKnownFileType = text.plist.xml; path = Info.plist; sourceTree = "<group>"; };
		18FB049C2B2C1DB400ABCF62 /* ios-training-komoriTests.xctest */ = {isa = PBXFileReference; explicitFileType = wrapper.cfbundle; includeInIndex = 0; path = "ios-training-komoriTests.xctest"; sourceTree = BUILT_PRODUCTS_DIR; };
		18FB04A02B2C1DB400ABCF62 /* ios_training_komoriTests.swift */ = {isa = PBXFileReference; lastKnownFileType = sourcecode.swift; path = ios_training_komoriTests.swift; sourceTree = "<group>"; };
		18FB04A62B2C1DB400ABCF62 /* ios-training-komoriUITests.xctest */ = {isa = PBXFileReference; explicitFileType = wrapper.cfbundle; includeInIndex = 0; path = "ios-training-komoriUITests.xctest"; sourceTree = BUILT_PRODUCTS_DIR; };
		18FB04AA2B2C1DB400ABCF62 /* ios_training_komoriUITests.swift */ = {isa = PBXFileReference; lastKnownFileType = sourcecode.swift; path = ios_training_komoriUITests.swift; sourceTree = "<group>"; };
		18FB04AC2B2C1DB400ABCF62 /* ios_training_komoriUITestsLaunchTests.swift */ = {isa = PBXFileReference; lastKnownFileType = sourcecode.swift; path = ios_training_komoriUITestsLaunchTests.swift; sourceTree = "<group>"; };
/* End PBXFileReference section */

/* Begin PBXFrameworksBuildPhase section */
		18FB04832B2C1DB300ABCF62 /* Frameworks */ = {
			isa = PBXFrameworksBuildPhase;
			buildActionMask = 2147483647;
			files = (
				18FB04BB2B2C1EC600ABCF62 /* YumemiWeather in Frameworks */,
			);
			runOnlyForDeploymentPostprocessing = 0;
		};
		18FB04992B2C1DB400ABCF62 /* Frameworks */ = {
			isa = PBXFrameworksBuildPhase;
			buildActionMask = 2147483647;
			files = (
				18171FCE2B63793900D282F5 /* Cuckoo in Frameworks */,
			);
			runOnlyForDeploymentPostprocessing = 0;
		};
		18FB04A32B2C1DB400ABCF62 /* Frameworks */ = {
			isa = PBXFrameworksBuildPhase;
			buildActionMask = 2147483647;
			files = (
			);
			runOnlyForDeploymentPostprocessing = 0;
		};
/* End PBXFrameworksBuildPhase section */

/* Begin PBXGroup section */
		185F4D972B3291C400A7433B /* View */ = {
			isa = PBXGroup;
			children = (
				185F4D992B3292CB00A7433B /* Launch */,
				185F4D982B3291CD00A7433B /* Weather */,
			);
			path = View;
			sourceTree = "<group>";
		};
		185F4D982B3291CD00A7433B /* Weather */ = {
			isa = PBXGroup;
			children = (
				18EA2D372B58E6B000236146 /* FirstViewController.swift */,
				18FB048D2B2C1DB300ABCF62 /* WeatherViewController.swift */,
				18FB048F2B2C1DB300ABCF62 /* WeatherScreen.storyboard */,
			);
			path = Weather;
			sourceTree = "<group>";
		};
		185F4D992B3292CB00A7433B /* Launch */ = {
			isa = PBXGroup;
			children = (
				18FB04942B2C1DB400ABCF62 /* LaunchScreen.storyboard */,
			);
			path = Launch;
			sourceTree = "<group>";
		};
		185F4D9A2B32936300A7433B /* Model */ = {
			isa = PBXGroup;
			children = (
				185F4D9B2B32937300A7433B /* WeatherModel.swift */,
			);
			path = Model;
			sourceTree = "<group>";
		};
		1884E0F72B4D5715004160CE /* Common */ = {
			isa = PBXGroup;
			children = (
				1884E0FA2B4E3610004160CE /* Error */,
			);
			path = Common;
			sourceTree = "<group>";
		};
		1884E0FA2B4E3610004160CE /* Error */ = {
			isa = PBXGroup;
			children = (
				1884E0FB2B4E361A004160CE /* JSONError.swift */,
				1884E0F22B4D370D004160CE /* YumemiWeatherError+LocalizedError.swift */,
			);
			path = Error;
			sourceTree = "<group>";
		};
		189432A02B565F9C001F392B /* Networking */ = {
			isa = PBXGroup;
			children = (
				189432A12B565FB6001F392B /* WeatherRequest.swift */,
				189432A32B565FD2001F392B /* WeatherResponse.swift */,
				189432A52B5660D5001F392B /* WeatherMapper.swift */,
			);
			path = Networking;
			sourceTree = "<group>";
		};
		18FB047D2B2C1DB300ABCF62 = {
			isa = PBXGroup;
			children = (
				18FB04882B2C1DB300ABCF62 /* ios-training-komori */,
				18FB049F2B2C1DB400ABCF62 /* ios-training-komoriTests */,
				18FB04A92B2C1DB400ABCF62 /* ios-training-komoriUITests */,
				18FB04872B2C1DB300ABCF62 /* Products */,
			);
			sourceTree = "<group>";
		};
		18FB04872B2C1DB300ABCF62 /* Products */ = {
			isa = PBXGroup;
			children = (
				18FB04862B2C1DB300ABCF62 /* ios-training-komori.app */,
				18FB049C2B2C1DB400ABCF62 /* ios-training-komoriTests.xctest */,
				18FB04A62B2C1DB400ABCF62 /* ios-training-komoriUITests.xctest */,
			);
			name = Products;
			sourceTree = "<group>";
		};
		18FB04882B2C1DB300ABCF62 /* ios-training-komori */ = {
			isa = PBXGroup;
			children = (
				1884E0F72B4D5715004160CE /* Common */,
				189432A02B565F9C001F392B /* Networking */,
				185F4D9A2B32936300A7433B /* Model */,
				185F4D972B3291C400A7433B /* View */,
				18FB04892B2C1DB300ABCF62 /* AppDelegate.swift */,
				18FB048B2B2C1DB300ABCF62 /* SceneDelegate.swift */,
				18FB04922B2C1DB400ABCF62 /* Assets.xcassets */,
				18FB04972B2C1DB400ABCF62 /* Info.plist */,
			);
			path = "ios-training-komori";
			sourceTree = "<group>";
		};
		18FB049F2B2C1DB400ABCF62 /* ios-training-komoriTests */ = {
			isa = PBXGroup;
			children = (
				18FB04A02B2C1DB400ABCF62 /* ios_training_komoriTests.swift */,
			);
			path = "ios-training-komoriTests";
			sourceTree = "<group>";
		};
		18FB04A92B2C1DB400ABCF62 /* ios-training-komoriUITests */ = {
			isa = PBXGroup;
			children = (
				18FB04AA2B2C1DB400ABCF62 /* ios_training_komoriUITests.swift */,
				18FB04AC2B2C1DB400ABCF62 /* ios_training_komoriUITestsLaunchTests.swift */,
			);
			path = "ios-training-komoriUITests";
			sourceTree = "<group>";
		};
/* End PBXGroup section */

/* Begin PBXNativeTarget section */
		18FB04852B2C1DB300ABCF62 /* ios-training-komori */ = {
			isa = PBXNativeTarget;
			buildConfigurationList = 18FB04B02B2C1DB400ABCF62 /* Build configuration list for PBXNativeTarget "ios-training-komori" */;
			buildPhases = (
				18FB04822B2C1DB300ABCF62 /* Sources */,
				18FB04832B2C1DB300ABCF62 /* Frameworks */,
				18FB04842B2C1DB300ABCF62 /* Resources */,
			);
			buildRules = (
			);
			dependencies = (
			);
			name = "ios-training-komori";
			packageProductDependencies = (
				18FB04BA2B2C1EC600ABCF62 /* YumemiWeather */,
			);
			productName = "ios-training-komori";
			productReference = 18FB04862B2C1DB300ABCF62 /* ios-training-komori.app */;
			productType = "com.apple.product-type.application";
		};
		18FB049B2B2C1DB400ABCF62 /* ios-training-komoriTests */ = {
			isa = PBXNativeTarget;
			buildConfigurationList = 18FB04B32B2C1DB400ABCF62 /* Build configuration list for PBXNativeTarget "ios-training-komoriTests" */;
			buildPhases = (
				18171FCF2B63795900D282F5 /* Generate Mocks with Cuckoo */,
				18FB04982B2C1DB400ABCF62 /* Sources */,
				18FB04992B2C1DB400ABCF62 /* Frameworks */,
				18FB049A2B2C1DB400ABCF62 /* Resources */,
			);
			buildRules = (
			);
			dependencies = (
				18FB049E2B2C1DB400ABCF62 /* PBXTargetDependency */,
			);
			name = "ios-training-komoriTests";
			packageProductDependencies = (
				18171FCD2B63793900D282F5 /* Cuckoo */,
			);
			productName = "ios-training-komoriTests";
			productReference = 18FB049C2B2C1DB400ABCF62 /* ios-training-komoriTests.xctest */;
			productType = "com.apple.product-type.bundle.unit-test";
		};
		18FB04A52B2C1DB400ABCF62 /* ios-training-komoriUITests */ = {
			isa = PBXNativeTarget;
			buildConfigurationList = 18FB04B62B2C1DB400ABCF62 /* Build configuration list for PBXNativeTarget "ios-training-komoriUITests" */;
			buildPhases = (
				18FB04A22B2C1DB400ABCF62 /* Sources */,
				18FB04A32B2C1DB400ABCF62 /* Frameworks */,
				18FB04A42B2C1DB400ABCF62 /* Resources */,
			);
			buildRules = (
			);
			dependencies = (
				18FB04A82B2C1DB400ABCF62 /* PBXTargetDependency */,
			);
			name = "ios-training-komoriUITests";
			productName = "ios-training-komoriUITests";
			productReference = 18FB04A62B2C1DB400ABCF62 /* ios-training-komoriUITests.xctest */;
			productType = "com.apple.product-type.bundle.ui-testing";
		};
/* End PBXNativeTarget section */

/* Begin PBXProject section */
		18FB047E2B2C1DB300ABCF62 /* Project object */ = {
			isa = PBXProject;
			attributes = {
				BuildIndependentTargetsInParallel = 1;
				LastSwiftUpdateCheck = 1510;
				LastUpgradeCheck = 1510;
				TargetAttributes = {
					18FB04852B2C1DB300ABCF62 = {
						CreatedOnToolsVersion = 15.1;
					};
					18FB049B2B2C1DB400ABCF62 = {
						CreatedOnToolsVersion = 15.1;
						TestTargetID = 18FB04852B2C1DB300ABCF62;
					};
					18FB04A52B2C1DB400ABCF62 = {
						CreatedOnToolsVersion = 15.1;
						TestTargetID = 18FB04852B2C1DB300ABCF62;
					};
				};
			};
			buildConfigurationList = 18FB04812B2C1DB300ABCF62 /* Build configuration list for PBXProject "ios-training-komori" */;
			compatibilityVersion = "Xcode 14.0";
			developmentRegion = en;
			hasScannedForEncodings = 0;
			knownRegions = (
				en,
				Base,
			);
			mainGroup = 18FB047D2B2C1DB300ABCF62;
			packageReferences = (
				18FB04B92B2C1EC600ABCF62 /* XCRemoteSwiftPackageReference "ios-training" */,
				18171FCC2B63793900D282F5 /* XCRemoteSwiftPackageReference "Cuckoo" */,
			);
			productRefGroup = 18FB04872B2C1DB300ABCF62 /* Products */;
			projectDirPath = "";
			projectRoot = "";
			targets = (
				18FB04852B2C1DB300ABCF62 /* ios-training-komori */,
				18FB049B2B2C1DB400ABCF62 /* ios-training-komoriTests */,
				18FB04A52B2C1DB400ABCF62 /* ios-training-komoriUITests */,
			);
		};
/* End PBXProject section */

/* Begin PBXResourcesBuildPhase section */
		18FB04842B2C1DB300ABCF62 /* Resources */ = {
			isa = PBXResourcesBuildPhase;
			buildActionMask = 2147483647;
			files = (
				18FB04962B2C1DB400ABCF62 /* LaunchScreen.storyboard in Resources */,
				18FB04932B2C1DB400ABCF62 /* Assets.xcassets in Resources */,
				18FB04912B2C1DB300ABCF62 /* WeatherScreen.storyboard in Resources */,
			);
			runOnlyForDeploymentPostprocessing = 0;
		};
		18FB049A2B2C1DB400ABCF62 /* Resources */ = {
			isa = PBXResourcesBuildPhase;
			buildActionMask = 2147483647;
			files = (
			);
			runOnlyForDeploymentPostprocessing = 0;
		};
		18FB04A42B2C1DB400ABCF62 /* Resources */ = {
			isa = PBXResourcesBuildPhase;
			buildActionMask = 2147483647;
			files = (
			);
			runOnlyForDeploymentPostprocessing = 0;
		};
/* End PBXResourcesBuildPhase section */

/* Begin PBXShellScriptBuildPhase section */
		18171FCF2B63795900D282F5 /* Generate Mocks with Cuckoo */ = {
			isa = PBXShellScriptBuildPhase;
			buildActionMask = 2147483647;
			files = (
			);
			inputFileListPaths = (
			);
			inputPaths = (
			);
			name = "Generate Mocks with Cuckoo";
			outputFileListPaths = (
			);
			outputPaths = (
			);
			runOnlyForDeploymentPostprocessing = 0;
			shellPath = /bin/sh;
			shellScript = "if [ $ACTION == \"indexbuild\" ]; then\n  echo \"Not running Cuckoo generator during indexing.\"\n  exit 0\nfi\n\n# Skip for preview builds\nif [ \"${ENABLE_PREVIEWS}\" = \"YES\" ]; then\n  echo \"Not running Cuckoo generator during preview builds.\"\n  exit 0\nfi\n\n# Define output file. Change \"${PROJECT_DIR}/${PROJECT_NAME}Tests\" to your test's root source folder, if it's not the default name.\nOUTPUT_FILE=\"${PROJECT_DIR}/${PROJECT_NAME}Tests/GeneratedMocks.swift\"\necho \"Generated Mocks File = ${OUTPUT_FILE}\"\n\n# Define input directory. Change \"${PROJECT_DIR}/${PROJECT_NAME}\" to your project's root source folder, if it's not the default name.\nINPUT_DIR=\"${PROJECT_DIR}/${PROJECT_NAME}\"\necho \"Mocks Input Directory = ${INPUT_DIR}\"\n\n# Generate mock files, include as many input files as you'd like to create mocks for.\n\"${BUILD_DIR%/Build/*}/SourcePackages/checkouts/Cuckoo/run\" generate --testable \"${PROJECT_NAME}\" \\\n--no-timestamp \\\n--output \"${OUTPUT_FILE}\" \\\n\"${INPUT_DIR}/Model/WeatherModel.swift\"\n# ... and so forth, the last line should never end with a backslash\n\n# After running once, locate `GeneratedMocks.swift` and drag it into your Xcode test target group.\n";
		};
/* End PBXShellScriptBuildPhase section */

/* Begin PBXSourcesBuildPhase section */
		18FB04822B2C1DB300ABCF62 /* Sources */ = {
			isa = PBXSourcesBuildPhase;
			buildActionMask = 2147483647;
			files = (
				18FB048E2B2C1DB300ABCF62 /* WeatherViewController.swift in Sources */,
				18FB048A2B2C1DB300ABCF62 /* AppDelegate.swift in Sources */,
				1884E0FC2B4E361A004160CE /* JSONError.swift in Sources */,
				185F4D9C2B32937300A7433B /* WeatherModel.swift in Sources */,
				1884E0F32B4D370D004160CE /* YumemiWeatherError+LocalizedError.swift in Sources */,
				18EA2D382B58E6B000236146 /* FirstViewController.swift in Sources */,
				189432A22B565FB6001F392B /* WeatherRequest.swift in Sources */,
				189432A62B5660D5001F392B /* WeatherMapper.swift in Sources */,
				18FB048C2B2C1DB300ABCF62 /* SceneDelegate.swift in Sources */,
				189432A42B565FD2001F392B /* WeatherResponse.swift in Sources */,
			);
			runOnlyForDeploymentPostprocessing = 0;
		};
		18FB04982B2C1DB400ABCF62 /* Sources */ = {
			isa = PBXSourcesBuildPhase;
			buildActionMask = 2147483647;
			files = (
				18FB04A12B2C1DB400ABCF62 /* ios_training_komoriTests.swift in Sources */,
			);
			runOnlyForDeploymentPostprocessing = 0;
		};
		18FB04A22B2C1DB400ABCF62 /* Sources */ = {
			isa = PBXSourcesBuildPhase;
			buildActionMask = 2147483647;
			files = (
				18FB04AB2B2C1DB400ABCF62 /* ios_training_komoriUITests.swift in Sources */,
				18FB04AD2B2C1DB400ABCF62 /* ios_training_komoriUITestsLaunchTests.swift in Sources */,
			);
			runOnlyForDeploymentPostprocessing = 0;
		};
/* End PBXSourcesBuildPhase section */

/* Begin PBXTargetDependency section */
		18FB049E2B2C1DB400ABCF62 /* PBXTargetDependency */ = {
			isa = PBXTargetDependency;
			target = 18FB04852B2C1DB300ABCF62 /* ios-training-komori */;
			targetProxy = 18FB049D2B2C1DB400ABCF62 /* PBXContainerItemProxy */;
		};
		18FB04A82B2C1DB400ABCF62 /* PBXTargetDependency */ = {
			isa = PBXTargetDependency;
			target = 18FB04852B2C1DB300ABCF62 /* ios-training-komori */;
			targetProxy = 18FB04A72B2C1DB400ABCF62 /* PBXContainerItemProxy */;
		};
/* End PBXTargetDependency section */

/* Begin PBXVariantGroup section */
		18FB048F2B2C1DB300ABCF62 /* WeatherScreen.storyboard */ = {
			isa = PBXVariantGroup;
			children = (
				18FB04902B2C1DB300ABCF62 /* Base */,
			);
			name = WeatherScreen.storyboard;
			sourceTree = "<group>";
		};
		18FB04942B2C1DB400ABCF62 /* LaunchScreen.storyboard */ = {
			isa = PBXVariantGroup;
			children = (
				18FB04952B2C1DB400ABCF62 /* Base */,
			);
			name = LaunchScreen.storyboard;
			sourceTree = "<group>";
		};
/* End PBXVariantGroup section */

/* Begin XCBuildConfiguration section */
		18FB04AE2B2C1DB400ABCF62 /* Debug */ = {
			isa = XCBuildConfiguration;
			buildSettings = {
				ALWAYS_SEARCH_USER_PATHS = NO;
				ASSETCATALOG_COMPILER_GENERATE_SWIFT_ASSET_SYMBOL_EXTENSIONS = YES;
				CLANG_ANALYZER_NONNULL = YES;
				CLANG_ANALYZER_NUMBER_OBJECT_CONVERSION = YES_AGGRESSIVE;
				CLANG_CXX_LANGUAGE_STANDARD = "gnu++20";
				CLANG_ENABLE_MODULES = YES;
				CLANG_ENABLE_OBJC_ARC = YES;
				CLANG_ENABLE_OBJC_WEAK = YES;
				CLANG_WARN_BLOCK_CAPTURE_AUTORELEASING = YES;
				CLANG_WARN_BOOL_CONVERSION = YES;
				CLANG_WARN_COMMA = YES;
				CLANG_WARN_CONSTANT_CONVERSION = YES;
				CLANG_WARN_DEPRECATED_OBJC_IMPLEMENTATIONS = YES;
				CLANG_WARN_DIRECT_OBJC_ISA_USAGE = YES_ERROR;
				CLANG_WARN_DOCUMENTATION_COMMENTS = YES;
				CLANG_WARN_EMPTY_BODY = YES;
				CLANG_WARN_ENUM_CONVERSION = YES;
				CLANG_WARN_INFINITE_RECURSION = YES;
				CLANG_WARN_INT_CONVERSION = YES;
				CLANG_WARN_NON_LITERAL_NULL_CONVERSION = YES;
				CLANG_WARN_OBJC_IMPLICIT_RETAIN_SELF = YES;
				CLANG_WARN_OBJC_LITERAL_CONVERSION = YES;
				CLANG_WARN_OBJC_ROOT_CLASS = YES_ERROR;
				CLANG_WARN_QUOTED_INCLUDE_IN_FRAMEWORK_HEADER = YES;
				CLANG_WARN_RANGE_LOOP_ANALYSIS = YES;
				CLANG_WARN_STRICT_PROTOTYPES = YES;
				CLANG_WARN_SUSPICIOUS_MOVE = YES;
				CLANG_WARN_UNGUARDED_AVAILABILITY = YES_AGGRESSIVE;
				CLANG_WARN_UNREACHABLE_CODE = YES;
				CLANG_WARN__DUPLICATE_METHOD_MATCH = YES;
				COPY_PHASE_STRIP = NO;
				DEBUG_INFORMATION_FORMAT = dwarf;
				ENABLE_STRICT_OBJC_MSGSEND = YES;
				ENABLE_TESTABILITY = YES;
				ENABLE_USER_SCRIPT_SANDBOXING = NO;
				GCC_C_LANGUAGE_STANDARD = gnu17;
				GCC_DYNAMIC_NO_PIC = NO;
				GCC_NO_COMMON_BLOCKS = YES;
				GCC_OPTIMIZATION_LEVEL = 0;
				GCC_PREPROCESSOR_DEFINITIONS = (
					"DEBUG=1",
					"$(inherited)",
				);
				GCC_WARN_64_TO_32_BIT_CONVERSION = YES;
				GCC_WARN_ABOUT_RETURN_TYPE = YES_ERROR;
				GCC_WARN_UNDECLARED_SELECTOR = YES;
				GCC_WARN_UNINITIALIZED_AUTOS = YES_AGGRESSIVE;
				GCC_WARN_UNUSED_FUNCTION = YES;
				GCC_WARN_UNUSED_VARIABLE = YES;
				IPHONEOS_DEPLOYMENT_TARGET = 17.2;
				LOCALIZATION_PREFERS_STRING_CATALOGS = YES;
				MTL_ENABLE_DEBUG_INFO = INCLUDE_SOURCE;
				MTL_FAST_MATH = YES;
				ONLY_ACTIVE_ARCH = YES;
				SDKROOT = iphoneos;
				SWIFT_ACTIVE_COMPILATION_CONDITIONS = "DEBUG $(inherited)";
				SWIFT_OPTIMIZATION_LEVEL = "-Onone";
			};
			name = Debug;
		};
		18FB04AF2B2C1DB400ABCF62 /* Release */ = {
			isa = XCBuildConfiguration;
			buildSettings = {
				ALWAYS_SEARCH_USER_PATHS = NO;
				ASSETCATALOG_COMPILER_GENERATE_SWIFT_ASSET_SYMBOL_EXTENSIONS = YES;
				CLANG_ANALYZER_NONNULL = YES;
				CLANG_ANALYZER_NUMBER_OBJECT_CONVERSION = YES_AGGRESSIVE;
				CLANG_CXX_LANGUAGE_STANDARD = "gnu++20";
				CLANG_ENABLE_MODULES = YES;
				CLANG_ENABLE_OBJC_ARC = YES;
				CLANG_ENABLE_OBJC_WEAK = YES;
				CLANG_WARN_BLOCK_CAPTURE_AUTORELEASING = YES;
				CLANG_WARN_BOOL_CONVERSION = YES;
				CLANG_WARN_COMMA = YES;
				CLANG_WARN_CONSTANT_CONVERSION = YES;
				CLANG_WARN_DEPRECATED_OBJC_IMPLEMENTATIONS = YES;
				CLANG_WARN_DIRECT_OBJC_ISA_USAGE = YES_ERROR;
				CLANG_WARN_DOCUMENTATION_COMMENTS = YES;
				CLANG_WARN_EMPTY_BODY = YES;
				CLANG_WARN_ENUM_CONVERSION = YES;
				CLANG_WARN_INFINITE_RECURSION = YES;
				CLANG_WARN_INT_CONVERSION = YES;
				CLANG_WARN_NON_LITERAL_NULL_CONVERSION = YES;
				CLANG_WARN_OBJC_IMPLICIT_RETAIN_SELF = YES;
				CLANG_WARN_OBJC_LITERAL_CONVERSION = YES;
				CLANG_WARN_OBJC_ROOT_CLASS = YES_ERROR;
				CLANG_WARN_QUOTED_INCLUDE_IN_FRAMEWORK_HEADER = YES;
				CLANG_WARN_RANGE_LOOP_ANALYSIS = YES;
				CLANG_WARN_STRICT_PROTOTYPES = YES;
				CLANG_WARN_SUSPICIOUS_MOVE = YES;
				CLANG_WARN_UNGUARDED_AVAILABILITY = YES_AGGRESSIVE;
				CLANG_WARN_UNREACHABLE_CODE = YES;
				CLANG_WARN__DUPLICATE_METHOD_MATCH = YES;
				COPY_PHASE_STRIP = NO;
				DEBUG_INFORMATION_FORMAT = "dwarf-with-dsym";
				ENABLE_NS_ASSERTIONS = NO;
				ENABLE_STRICT_OBJC_MSGSEND = YES;
				ENABLE_USER_SCRIPT_SANDBOXING = NO;
				GCC_C_LANGUAGE_STANDARD = gnu17;
				GCC_NO_COMMON_BLOCKS = YES;
				GCC_WARN_64_TO_32_BIT_CONVERSION = YES;
				GCC_WARN_ABOUT_RETURN_TYPE = YES_ERROR;
				GCC_WARN_UNDECLARED_SELECTOR = YES;
				GCC_WARN_UNINITIALIZED_AUTOS = YES_AGGRESSIVE;
				GCC_WARN_UNUSED_FUNCTION = YES;
				GCC_WARN_UNUSED_VARIABLE = YES;
				IPHONEOS_DEPLOYMENT_TARGET = 17.2;
				LOCALIZATION_PREFERS_STRING_CATALOGS = YES;
				MTL_ENABLE_DEBUG_INFO = NO;
				MTL_FAST_MATH = YES;
				SDKROOT = iphoneos;
				SWIFT_COMPILATION_MODE = wholemodule;
				VALIDATE_PRODUCT = YES;
			};
			name = Release;
		};
		18FB04B12B2C1DB400ABCF62 /* Debug */ = {
			isa = XCBuildConfiguration;
			buildSettings = {
				ASSETCATALOG_COMPILER_APPICON_NAME = AppIcon;
				ASSETCATALOG_COMPILER_GLOBAL_ACCENT_COLOR_NAME = AccentColor;
				CODE_SIGN_STYLE = Automatic;
				CURRENT_PROJECT_VERSION = 1;
				GENERATE_INFOPLIST_FILE = YES;
				INFOPLIST_FILE = "ios-training-komori/Info.plist";
				INFOPLIST_KEY_UIApplicationSupportsIndirectInputEvents = YES;
				INFOPLIST_KEY_UILaunchStoryboardName = LaunchScreen;
				INFOPLIST_KEY_UIMainStoryboardFile = WeatherScreen;
				INFOPLIST_KEY_UISupportedInterfaceOrientations_iPad = "UIInterfaceOrientationPortrait UIInterfaceOrientationPortraitUpsideDown UIInterfaceOrientationLandscapeLeft UIInterfaceOrientationLandscapeRight";
				INFOPLIST_KEY_UISupportedInterfaceOrientations_iPhone = "UIInterfaceOrientationPortrait UIInterfaceOrientationLandscapeLeft UIInterfaceOrientationLandscapeRight";
				LD_RUNPATH_SEARCH_PATHS = (
					"$(inherited)",
					"@executable_path/Frameworks",
				);
				MARKETING_VERSION = 1.0;
				PRODUCT_BUNDLE_IDENTIFIER = "dev.littleforest.ios-training-komori";
				PRODUCT_NAME = "$(TARGET_NAME)";
				SWIFT_EMIT_LOC_STRINGS = YES;
				SWIFT_VERSION = 5.0;
				TARGETED_DEVICE_FAMILY = "1,2";
			};
			name = Debug;
		};
		18FB04B22B2C1DB400ABCF62 /* Release */ = {
			isa = XCBuildConfiguration;
			buildSettings = {
				ASSETCATALOG_COMPILER_APPICON_NAME = AppIcon;
				ASSETCATALOG_COMPILER_GLOBAL_ACCENT_COLOR_NAME = AccentColor;
				CODE_SIGN_STYLE = Automatic;
				CURRENT_PROJECT_VERSION = 1;
				GENERATE_INFOPLIST_FILE = YES;
				INFOPLIST_FILE = "ios-training-komori/Info.plist";
				INFOPLIST_KEY_UIApplicationSupportsIndirectInputEvents = YES;
				INFOPLIST_KEY_UILaunchStoryboardName = LaunchScreen;
				INFOPLIST_KEY_UIMainStoryboardFile = WeatherScreen;
				INFOPLIST_KEY_UISupportedInterfaceOrientations_iPad = "UIInterfaceOrientationPortrait UIInterfaceOrientationPortraitUpsideDown UIInterfaceOrientationLandscapeLeft UIInterfaceOrientationLandscapeRight";
				INFOPLIST_KEY_UISupportedInterfaceOrientations_iPhone = "UIInterfaceOrientationPortrait UIInterfaceOrientationLandscapeLeft UIInterfaceOrientationLandscapeRight";
				LD_RUNPATH_SEARCH_PATHS = (
					"$(inherited)",
					"@executable_path/Frameworks",
				);
				MARKETING_VERSION = 1.0;
				PRODUCT_BUNDLE_IDENTIFIER = "dev.littleforest.ios-training-komori";
				PRODUCT_NAME = "$(TARGET_NAME)";
				SWIFT_EMIT_LOC_STRINGS = YES;
				SWIFT_VERSION = 5.0;
				TARGETED_DEVICE_FAMILY = "1,2";
			};
			name = Release;
		};
		18FB04B42B2C1DB400ABCF62 /* Debug */ = {
			isa = XCBuildConfiguration;
			buildSettings = {
				ALWAYS_EMBED_SWIFT_STANDARD_LIBRARIES = YES;
				BUNDLE_LOADER = "$(TEST_HOST)";
				CODE_SIGN_STYLE = Automatic;
				CURRENT_PROJECT_VERSION = 1;
				GENERATE_INFOPLIST_FILE = YES;
				IPHONEOS_DEPLOYMENT_TARGET = 17.2;
				MARKETING_VERSION = 1.0;
				PRODUCT_BUNDLE_IDENTIFIER = "dev.littleforest.ios-training-komoriTests";
				PRODUCT_NAME = "$(TARGET_NAME)";
				SWIFT_EMIT_LOC_STRINGS = NO;
				SWIFT_VERSION = 5.0;
				TARGETED_DEVICE_FAMILY = "1,2";
				TEST_HOST = "$(BUILT_PRODUCTS_DIR)/ios-training-komori.app/$(BUNDLE_EXECUTABLE_FOLDER_PATH)/ios-training-komori";
			};
			name = Debug;
		};
		18FB04B52B2C1DB400ABCF62 /* Release */ = {
			isa = XCBuildConfiguration;
			buildSettings = {
				ALWAYS_EMBED_SWIFT_STANDARD_LIBRARIES = YES;
				BUNDLE_LOADER = "$(TEST_HOST)";
				CODE_SIGN_STYLE = Automatic;
				CURRENT_PROJECT_VERSION = 1;
				GENERATE_INFOPLIST_FILE = YES;
				IPHONEOS_DEPLOYMENT_TARGET = 17.2;
				MARKETING_VERSION = 1.0;
				PRODUCT_BUNDLE_IDENTIFIER = "dev.littleforest.ios-training-komoriTests";
				PRODUCT_NAME = "$(TARGET_NAME)";
				SWIFT_EMIT_LOC_STRINGS = NO;
				SWIFT_VERSION = 5.0;
				TARGETED_DEVICE_FAMILY = "1,2";
				TEST_HOST = "$(BUILT_PRODUCTS_DIR)/ios-training-komori.app/$(BUNDLE_EXECUTABLE_FOLDER_PATH)/ios-training-komori";
			};
			name = Release;
		};
		18FB04B72B2C1DB400ABCF62 /* Debug */ = {
			isa = XCBuildConfiguration;
			buildSettings = {
				ALWAYS_EMBED_SWIFT_STANDARD_LIBRARIES = YES;
				CODE_SIGN_STYLE = Automatic;
				CURRENT_PROJECT_VERSION = 1;
				GENERATE_INFOPLIST_FILE = YES;
				MARKETING_VERSION = 1.0;
				PRODUCT_BUNDLE_IDENTIFIER = "dev.littleforest.ios-training-komoriUITests";
				PRODUCT_NAME = "$(TARGET_NAME)";
				SWIFT_EMIT_LOC_STRINGS = NO;
				SWIFT_VERSION = 5.0;
				TARGETED_DEVICE_FAMILY = "1,2";
				TEST_TARGET_NAME = "ios-training-komori";
			};
			name = Debug;
		};
		18FB04B82B2C1DB400ABCF62 /* Release */ = {
			isa = XCBuildConfiguration;
			buildSettings = {
				ALWAYS_EMBED_SWIFT_STANDARD_LIBRARIES = YES;
				CODE_SIGN_STYLE = Automatic;
				CURRENT_PROJECT_VERSION = 1;
				GENERATE_INFOPLIST_FILE = YES;
				MARKETING_VERSION = 1.0;
				PRODUCT_BUNDLE_IDENTIFIER = "dev.littleforest.ios-training-komoriUITests";
				PRODUCT_NAME = "$(TARGET_NAME)";
				SWIFT_EMIT_LOC_STRINGS = NO;
				SWIFT_VERSION = 5.0;
				TARGETED_DEVICE_FAMILY = "1,2";
				TEST_TARGET_NAME = "ios-training-komori";
			};
			name = Release;
		};
/* End XCBuildConfiguration section */

/* Begin XCConfigurationList section */
		18FB04812B2C1DB300ABCF62 /* Build configuration list for PBXProject "ios-training-komori" */ = {
			isa = XCConfigurationList;
			buildConfigurations = (
				18FB04AE2B2C1DB400ABCF62 /* Debug */,
				18FB04AF2B2C1DB400ABCF62 /* Release */,
			);
			defaultConfigurationIsVisible = 0;
			defaultConfigurationName = Release;
		};
		18FB04B02B2C1DB400ABCF62 /* Build configuration list for PBXNativeTarget "ios-training-komori" */ = {
			isa = XCConfigurationList;
			buildConfigurations = (
				18FB04B12B2C1DB400ABCF62 /* Debug */,
				18FB04B22B2C1DB400ABCF62 /* Release */,
			);
			defaultConfigurationIsVisible = 0;
			defaultConfigurationName = Release;
		};
		18FB04B32B2C1DB400ABCF62 /* Build configuration list for PBXNativeTarget "ios-training-komoriTests" */ = {
			isa = XCConfigurationList;
			buildConfigurations = (
				18FB04B42B2C1DB400ABCF62 /* Debug */,
				18FB04B52B2C1DB400ABCF62 /* Release */,
			);
			defaultConfigurationIsVisible = 0;
			defaultConfigurationName = Release;
		};
		18FB04B62B2C1DB400ABCF62 /* Build configuration list for PBXNativeTarget "ios-training-komoriUITests" */ = {
			isa = XCConfigurationList;
			buildConfigurations = (
				18FB04B72B2C1DB400ABCF62 /* Debug */,
				18FB04B82B2C1DB400ABCF62 /* Release */,
			);
			defaultConfigurationIsVisible = 0;
			defaultConfigurationName = Release;
		};
/* End XCConfigurationList section */

/* Begin XCRemoteSwiftPackageReference section */
		18171FCC2B63793900D282F5 /* XCRemoteSwiftPackageReference "Cuckoo" */ = {
			isa = XCRemoteSwiftPackageReference;
			repositoryURL = "https://github.com/Brightify/Cuckoo.git";
			requirement = {
				kind = upToNextMajorVersion;
				minimumVersion = 1.10.4;
			};
		};
		18FB04B92B2C1EC600ABCF62 /* XCRemoteSwiftPackageReference "ios-training" */ = {
			isa = XCRemoteSwiftPackageReference;
			repositoryURL = "https://github.com/yumemi-inc/ios-training.git";
			requirement = {
				branch = main;
				kind = branch;
			};
		};
/* End XCRemoteSwiftPackageReference section */

/* Begin XCSwiftPackageProductDependency section */
		18171FCD2B63793900D282F5 /* Cuckoo */ = {
			isa = XCSwiftPackageProductDependency;
			package = 18171FCC2B63793900D282F5 /* XCRemoteSwiftPackageReference "Cuckoo" */;
			productName = Cuckoo;
		};
		18FB04BA2B2C1EC600ABCF62 /* YumemiWeather */ = {
			isa = XCSwiftPackageProductDependency;
			package = 18FB04B92B2C1EC600ABCF62 /* XCRemoteSwiftPackageReference "ios-training" */;
			productName = YumemiWeather;
		};
/* End XCSwiftPackageProductDependency section */
	};
	rootObject = 18FB047E2B2C1DB300ABCF62 /* Project object */;
}
